{
  "mods": {
    "2996651194": {
      "files": [
        "addons/5.45x39ammo.pbo",
        "addons/BackPack.pbo",
        "addons/BackPack_A.pbo",
        "addons/BackPack_B.pbo",
        "addons/BackPack_C.pbo",
        "addons/BackPack_D.pbo",
        "addons/BackPack_E.pbo",
        "addons/BackPack_Patrol.pbo",
        "addons/BackPack_Patrol_RPG.pbo",
        "addons/BackPack_RPG.pbo",
        "addons/BackPack_RPG7.pbo",
        "addons/bukr.pbo",
        "addons/CamoFolliage.pbo",
        "addons/CamoNet.pbo",
        "addons/CamoNetpart2.pbo",
        "addons/CamoNetpart3.pbo",
        "addons/CamoNetpart4.pbo",
        "addons/CamoNetRoll.pbo",
        "addons/CamoNetRollBig.pbo",
        "addons/Caps01.pbo",
        "addons/CorsoSupressors.pbo",
        "addons/DTKWORN.pbo",
        "addons/Helmet01.pbo",
        "addons/Helmet02.pbo",
        "addons/Helmet03.pbo",
        "addons/Helmet04.pbo",
        "addons/Helmet05.pbo",
        "addons/Helmet06.pbo",
        "addons/Helmet_Tor_D.pbo",
        "addons/Helmet_Tor_D_2.pbo",
        "addons/Helmet_Tor_D_3.pbo",
        "addons/Helmet_Tor_D_4.pbo",
        "addons/Inf_01.pbo",
        "addons/Inf_02.pbo",
        "addons/Inf_03.pbo",
        "addons/Inf_04.pbo",
        "addons/Inf_05.pbo",
        "addons/Inf_06.pbo",
        "addons/Inf_07.pbo",
        "addons/Inf_08.pbo",
        "addons/LTF_AK.pbo",
        "addons/MAGZ.pbo",
        "addons/main_menu.pbo",
        "addons/MALYUKAC1.pbo",
        "addons/MALYUKAC2.pbo",
        "addons/MALYUKAC3.pbo",
        "addons/MantaSupressors.pbo",
        "addons/objet01.pbo",
        "addons/objet02.pbo",
        "addons/objet03.pbo",
        "addons/objet04.pbo",
        "addons/objet05.pbo",
        "addons/objet06.pbo",
        "addons/objet07.pbo",
        "addons/objet08.pbo",
        "addons/Prototype.pbo",
        "addons/SCOPE.pbo",
        "addons/SF_01.pbo",
        "addons/SF_02.pbo",
        "addons/SF_03.pbo",
        "addons/SF_04.pbo",
        "addons/SF_05.pbo",
        "addons/SF_06.pbo",
        "addons/SF_07.pbo",
        "addons/SF_08.pbo",
        "addons/SF_09.pbo",
        "addons/SF_10.pbo",
        "addons/SF_Mawka.pbo",
        "addons/SF_Mawka2.pbo",
        "addons/Soldier_01.pbo",
        "addons/Soldier_02.pbo",
        "addons/Soldier_03.pbo",
        "addons/Soldier_04.pbo",
        "addons/Soldier_05.pbo",
        "addons/Soldier_06.pbo",
        "addons/Soldier_07.pbo",
        "addons/uafhg.pbo",
        "addons/UkraineLand.pbo",
        "addons/ukraineobject_pack.pbo",
        "addons/Vest01.pbo",
        "addons/Vest02.pbo",
        "addons/Vest03.pbo",
        "addons/Vest04.pbo",
        "addons/Vest05.pbo",
        "addons/Vest06.pbo",
        "addons/Vest07.pbo",
        "addons/Vest08.pbo",
        "addons/Vest09.pbo",
        "addons/Vest10.pbo",
        "addons/Vest11.pbo",
        "addons/Vest_01r.pbo",
        "addons/Vest_02r.pbo",
        "addons/Vest_03r.pbo",
        "addons/Vest_04r.pbo",
        "addons/Vest_05r.pbo",
        "addons/Vest_06r.pbo"
      ],
      "name": "ARMED FORCE UKRAINE",
      "dependencies": [
        {
          "id": "843425103",
          "name": "Mod 843425103"
        },
        {
          "id": "843632231",
          "name": "Mod 843632231"
        },
        {
          "id": "843593391",
          "name": "Mod 843593391"
        },
        {
          "id": "843577117",
          "name": "Mod 843577117"
        }
      ],
      "updated": "1689573121"
    },
    "3496710146": {
      "files": [
        "addons/2s19_ua.pbo",
        "addons/ru_bmd4.pbo",
        "addons/ru_bmd4_b.pbo",
        "addons/s1_ua.pbo",
        "addons/s1_z.pbo",
        "addons/t62m_z.pbo",
        "addons/t80bv_ua.pbo",
        "addons/t80bv_z.pbo",
        "addons/t80b_ua.pbo",
        "addons/t80b_z.pbo",
        "addons/typhoon_ua.pbo",
        "addons/typhoon_z.pbo",
        "addons/ua_2s19.pbo",
        "addons/ua_2s6.pbo",
        "addons/ua_pancir.pbo",
        "addons/ua_t80bv.pbo",
        "addons/ua_zsu_23_4.pbo",
        "addons/varta_dshk_ua.pbo",
        "addons/varta_ua.pbo"
      ],
      "name": "Ukrainian&Russian Vehicles  (2022-2025)",
      "dependencies": [
        {
          "id": "843425103",
          "name": "Mod 843425103"
        },
        {
          "id": "3498496846",
          "name": "[REMASTERED!!!] BBM Varta | \u0412\u0430\u0440\u0442\u0430 \u0411\u0411\u041c"
        }
      ],
      "updated": "1756753282"
    },
    "3418145558": {
      "files": [
        "addons/2s19.pbo",
        "addons/2s6.pbo",
        "addons/bmd4.pbo",
        "addons/bmp3.pbo",
        "addons/bmpt.pbo",
        "addons/boomerang.pbo",
        "addons/sa22.pbo",
        "addons/t55a.pbo",
        "addons/t62m.pbo",
        "addons/t80b.pbo",
        "addons/t80bvm.pbo",
        "addons/t80u.pbo",
        "addons/tor.pbo",
        "addons/ural63095.pbo",
        "addons/zsu_23_4.pbo"
      ],
      "name": "Russian Tank Series",
      "dependencies": [],
      "updated": "1770362930"
    },
    "3498496846": {
      "files": [
        "addons/frtz_varta.pbo"
      ],
      "name": "[REMASTERED!!!] BBM Varta | \u0412\u0430\u0440\u0442\u0430 \u0411\u0411\u041c",
      "dependencies": [],
      "updated": "1760094411"
    },
    "3365663203": {
      "files": [
        "addons/QAV_Aegis_Challenger.pbo",
        "addons/QAV_Challenger.pbo"
      ],
      "name": "QAV - Challenger 2",
      "dependencies": [],
      "updated": "1733562890"
    },
    "3414879940": {
      "files": [
        "addons/b_rus_backpack.pbo",
        "addons/h_rus_6b47.pbo",
        "addons/h_rus_kolpak_20.pbo",
        "addons/h_rus_lshz.pbo",
        "addons/h_rus_opscore.pbo",
        "addons/h_ukr_1m.pbo",
        "addons/h_ukr_1m_fast.pbo",
        "addons/h_ukr_ops_core.pbo",
        "addons/ukr_headgear.pbo",
        "addons/ukr_vest.pbo",
        "addons/u_rus_6sh119.pbo",
        "addons/u_rus_6sh122.pbo",
        "addons/u_rus_flis.pbo",
        "addons/u_rus_g3.pbo",
        "addons/u_rus_gorka.pbo",
        "addons/u_rus_leshiy.pbo",
        "addons/u_rus_pcu.pbo",
        "addons/u_rus_puhovik.pbo",
        "addons/u_rus_ryzhuha.pbo",
        "addons/u_rus_texture.pbo",
        "addons/u_rus_vkpo.pbo",
        "addons/u_rus_vkpo_usmc.pbo",
        "addons/u_ukr_uniform.pbo",
        "addons/v_rus_6094.pbo",
        "addons/v_rus_6b45rhs.pbo",
        "addons/v_rus_avs.pbo",
        "addons/v_rus_texture.pbo",
        "addons/v_ukr_avs.pbo",
        "addons/v_ukr_corsar.pbo"
      ],
      "name": "Hendrix Russian and Ukraine Gear",
      "dependencies": [],
      "updated": "1770744476"
    },
    "2822758266": {
      "files": [
        "addons/GF_Deformer.pbo"
      ],
      "name": "Main Campaign Editor Extention | Deformer",
      "dependencies": [],
      "updated": "1667139282"
    },
    "3256534418": {
      "files": [
        "addons/trencher_main.pbo"
      ],
      "name": "Trencher - Eden Trench Generation",
      "dependencies": [
        {
          "id": "2914901109",
          "name": "Chameleon Trenches"
        },
        {
          "id": "2966168738",
          "name": "Terrain Lib"
        }
      ],
      "updated": "1720970711"
    },
    "3302605900": {
      "files": [
        "addons/ArmaFPV.pbo",
        "addons/BOT_FPV_Enhanced.pbo"
      ],
      "name": "FPV Drone Crocus Enhanced",
      "dependencies": [],
      "updated": "1751700490"
    },
    "520618345": {
      "files": [
        "addons/afghan_houses.pbo",
        "addons/afghan_houses_c.pbo",
        "addons/afghan_houses_c2.pbo",
        "addons/afghan_houses_old.pbo",
        "addons/afghan_house_a.pbo",
        "addons/bridges.pbo",
        "addons/bunkers.pbo",
        "addons/Cargo_Cont.pbo",
        "addons/Gear.pbo",
        "addons/GeneralStore.pbo",
        "addons/Ind.pbo",
        "addons/Jbad_Bridge_Kammeny.pbo",
        "addons/Jbad_Bridge_Most.pbo",
        "addons/Jbad_Defines.pbo",
        "addons/jbad_misc.pbo",
        "addons/Jbad_Rocks.pbo",
        "addons/Jbad_Sounds.pbo",
        "addons/Jbad_Structures.pbo",
        "addons/Jbad_Veg.pbo",
        "addons/Jbad_Vehicles.pbo",
        "addons/Jbad_Water.pbo",
        "addons/mil.pbo",
        "addons/Mosque_big.pbo",
        "addons/OPXBuildings2.pbo",
        "addons/OPXmisc2.pbo",
        "addons/Shops.pbo",
        "addons/Sidewalks.pbo",
        "addons/Walls.pbo"
      ],
      "name": "Jbad",
      "dependencies": [],
      "updated": "1663995795"
    },
    "612930542": {
      "files": [
        "addons/rds_a2port_civ.pbo",
        "addons/rds_a2port_civ_sound.pbo",
        "addons/rds_a2port_civ_sound_cfg.pbo",
        "addons/rds_a2port_cman.pbo"
      ],
      "name": "RDS Civilian Pack",
      "dependencies": [],
      "updated": "1616955151"
    },
    "3295358796": {
      "files": [
        "addons/cpe_men.pbo",
        "addons/MK50.pbo",
        "addons/PHAN_CW.pbo"
      ],
      "name": "Chemical Warfare PLUS",
      "dependencies": [
        {
          "id": "1779063631",
          "name": "Zeus Enhanced"
        }
      ],
      "updated": "1770905579"
    },
    "2914901109": {
      "files": [
        "addons/Peer_Trenches_main.pbo",
        "addons/Peer_Trenches_vehicles.pbo"
      ],
      "name": "Chameleon Trenches",
      "dependencies": [],
      "updated": "1740354972"
    },
    "2966168738": {
      "files": [
        "addons/TerrainLib_main.pbo"
      ],
      "name": "Terrain Lib",
      "dependencies": [],
      "updated": "1717105840"
    },
    "1779063631": {
      "files": [
        "addons/zen_ai.pbo",
        "addons/zen_area_markers.pbo",
        "addons/zen_attached_objects.pbo",
        "addons/zen_attributes.pbo",
        "addons/zen_building_markers.pbo",
        "addons/zen_camera.pbo",
        "addons/zen_common.pbo",
        "addons/zen_compat_ace.pbo",
        "addons/zen_compat_advanced_rappelling.pbo",
        "addons/zen_compositions.pbo",
        "addons/zen_context_actions.pbo",
        "addons/zen_context_menu.pbo",
        "addons/zen_cover_map.pbo",
        "addons/zen_custom_modules.pbo",
        "addons/zen_damage.pbo",
        "addons/zen_dialog.pbo",
        "addons/zen_doors.pbo",
        "addons/zen_editor.pbo",
        "addons/zen_editor_previews.pbo",
        "addons/zen_faction_filter.pbo",
        "addons/zen_flashlight.pbo",
        "addons/zen_garage.pbo",
        "addons/zen_inventory.pbo",
        "addons/zen_loadout.pbo",
        "addons/zen_main.pbo",
        "addons/zen_markers_tree.pbo",
        "addons/zen_modules.pbo",
        "addons/zen_music.pbo",
        "addons/zen_placement.pbo",
        "addons/zen_position_logics.pbo",
        "addons/zen_pylons.pbo",
        "addons/zen_remote_control.pbo",
        "addons/zen_tasks.pbo",
        "addons/zen_visibility.pbo",
        "addons/zen_vision.pbo"
      ],
      "name": "Zeus Enhanced",
      "dependencies": [],
      "updated": "1724123223"
    }
  }
}